
Microsoft Visual Studio Solution File, Format Version 12.00
# Visual Studio 15
Project("{FAE04EC0-301F-11D3-BF4B-00C04F79EFBC}") = "SystemsRUs", "Assembly-CSharp.csproj", "{9D90674D-BB7A-3052-9739-B8B3AE6A57A1}"
EndProject
Project("{FAE04EC0-301F-11D3-BF4B-00C04F79EFBC}") = "SystemsRUs", "Assembly-CSharp-firstpass.csproj", "{8C1344B8-C926-467B-CBFC-976140159C3C}"
EndProject
Project("{FAE04EC0-301F-11D3-BF4B-00C04F79EFBC}") = "SystemsRUs", "Assembly-CSharp-Editor-firstpass.csproj", "{35CDE77E-419B-7A2C-4B2E-684A5A8CFBBC}"
EndProject
Global
	GlobalSection(SolutionConfigurationPlatforms) = preSolution
		Debug|Any CPU = Debug|Any CPU
		Release|Any CPU = Release|Any CPU
	EndGlobalSection
	GlobalSection(ProjectConfigurationPlatforms) = postSolution
		{9D90674D-BB7A-3052-9739-B8B3AE6A57A1}.Debug|Any CPU.ActiveCfg = Debug|Any CPU
		{9D90674D-BB7A-3052-9739-B8B3AE6A57A1}.Debug|Any CPU.Build.0 = Debug|Any CPU
		{9D90674D-BB7A-3052-9739-B8B3AE6A57A1}.Release|Any CPU.ActiveCfg = Release|Any CPU
		{9D90674D-BB7A-3052-9739-B8B3AE6A57A1}.Release|Any CPU.Build.0 = Release|Any CPU
		{8C1344B8-C926-467B-CBFC-976140159C3C}.Debug|Any CPU.ActiveCfg = Debug|Any CPU
		{8C1344B8-C926-467B-CBFC-976140159C3C}.Debug|Any CPU.Build.0 = Debug|Any CPU
		{8C1344B8-C926-467B-CBFC-976140159C3C}.Release|Any CPU.ActiveCfg = Release|Any CPU
		{8C1344B8-C926-467B-CBFC-976140159C3C}.Release|Any CPU.Build.0 = Release|Any CPU
		{35CDE77E-419B-7A2C-4B2E-684A5A8CFBBC}.Debug|Any CPU.ActiveCfg = Debug|Any CPU
		{35CDE77E-419B-7A2C-4B2E-684A5A8CFBBC}.Debug|Any CPU.Build.0 = Debug|Any CPU
		{35CDE77E-419B-7A2C-4B2E-684A5A8CFBBC}.Release|Any CPU.ActiveCfg = Release|Any CPU
		{35CDE77E-419B-7A2C-4B2E-684A5A8CFBBC}.Release|Any CPU.Build.0 = Release|Any CPU
	EndGlobalSection
	GlobalSection(SolutionProperties) = preSolution
		HideSolutionNode = FALSE
	EndGlobalSection
EndGlobal
